
Microsoft Visual Studio Solution File, Format Version 12.00
# Visual Studio Version 16
VisualStudioVersion = 16.0.32413.511
MinimumVisualStudioVersion = 10.0.40219.1
Project("{FAE04EC0-301F-11D3-BF4B-00C04F79EFBC}") = "WindowsFormsApp1", "WindowsFormsApp1\WindowsFormsApp1.csproj", "{9E5C4ABD-57C1-47F7-9A1F-1FA1D0406D24}"
EndProject
Global
	GlobalSection(SolutionConfigurationPlatforms) = preSolution
		Debug|Any CPU = Debug|Any CPU
		Release|Any CPU = Release|Any CPU
	EndGlobalSection
	GlobalSection(ProjectConfigurationPlatforms) = postSolution
		{9E5C4ABD-57C1-47F7-9A1F-1FA1D0406D24}.Debug|Any CPU.ActiveCfg = Debug|Any CPU
		{9E5C4ABD-57C1-47F7-9A1F-1FA1D0406D24}.Debug|Any CPU.Build.0 = Debug|Any CPU
		{9E5C4ABD-57C1-47F7-9A1F-1FA1D0406D24}.Release|Any CPU.ActiveCfg = Release|Any CPU
		{9E5C4ABD-57C1-47F7-9A1F-1FA1D0406D24}.Release|Any CPU.Build.0 = Release|Any CPU
	EndGlobalSection
	GlobalSection(SolutionProperties) = preSolution
		HideSolutionNode = FALSE
	EndGlobalSection
	GlobalSection(ExtensibilityGlobals) = postSolution
		SolutionGuid = {697D9E14-CA29-4925-BD75-2923C4C9CF4E}
	EndGlobalSection
EndGlobal
